
Microsoft Visual Studio Solution File, Format Version 12.00
# Visual Studio Version 16
VisualStudioVersion = 16.0.31613.86
MinimumVisualStudioVersion = 10.0.40219.1
Project("{FAE04EC0-301F-11D3-BF4B-00C04F79EFBC}") = "DemoStoreDbContext", "DemoStoreDbContext.csproj", "{BCD8B656-0DDC-45F5-9CBA-515C7EE39A8A}"
EndProject
Global
	GlobalSection(SolutionConfigurationPlatforms) = preSolution
		Debug|Any CPU = Debug|Any CPU
		Release|Any CPU = Release|Any CPU
	EndGlobalSection
	GlobalSection(ProjectConfigurationPlatforms) = postSolution
		{BCD8B656-0DDC-45F5-9CBA-515C7EE39A8A}.Debug|Any CPU.ActiveCfg = Debug|Any CPU
		{BCD8B656-0DDC-45F5-9CBA-515C7EE39A8A}.Debug|Any CPU.Build.0 = Debug|Any CPU
		{BCD8B656-0DDC-45F5-9CBA-515C7EE39A8A}.Release|Any CPU.ActiveCfg = Release|Any CPU
		{BCD8B656-0DDC-45F5-9CBA-515C7EE39A8A}.Release|Any CPU.Build.0 = Release|Any CPU
	EndGlobalSection
	GlobalSection(SolutionProperties) = preSolution
		HideSolutionNode = FALSE
	EndGlobalSection
	GlobalSection(ExtensibilityGlobals) = postSolution
		SolutionGuid = {5C22BE9D-A623-46D4-B400-8087B0055D23}
	EndGlobalSection
EndGlobal
